
Microsoft Visual Studio Solution File, Format Version 12.00
# Visual Studio Version 17
VisualStudioVersion = 17.8.34330.188
MinimumVisualStudioVersion = 10.0.40219.1
Project("{FAE04EC0-301F-11D3-BF4B-00C04F79EFBC}") = "Const_Readonly", "Const_Readonly.csproj", "{FB99DCD6-7EAD-4D33-B442-D733D19278A7}"
EndProject
Global
	GlobalSection(SolutionConfigurationPlatforms) = preSolution
		Debug|Any CPU = Debug|Any CPU
		Release|Any CPU = Release|Any CPU
	EndGlobalSection
	GlobalSection(ProjectConfigurationPlatforms) = postSolution
		{FB99DCD6-7EAD-4D33-B442-D733D19278A7}.Debug|Any CPU.ActiveCfg = Debug|Any CPU
		{FB99DCD6-7EAD-4D33-B442-D733D19278A7}.Debug|Any CPU.Build.0 = Debug|Any CPU
		{FB99DCD6-7EAD-4D33-B442-D733D19278A7}.Release|Any CPU.ActiveCfg = Release|Any CPU
		{FB99DCD6-7EAD-4D33-B442-D733D19278A7}.Release|Any CPU.Build.0 = Release|Any CPU
	EndGlobalSection
	GlobalSection(SolutionProperties) = preSolution
		HideSolutionNode = FALSE
	EndGlobalSection
	GlobalSection(ExtensibilityGlobals) = postSolution
		SolutionGuid = {B862B5CA-E983-4272-A806-EDC222F8EB0C}
	EndGlobalSection
EndGlobal
